
Microsoft Visual Studio Solution File, Format Version 12.00
# Visual Studio 15
VisualStudioVersion = 15.0.28307.271
MinimumVisualStudioVersion = 10.0.40219.1
Project("{FAE04EC0-301F-11D3-BF4B-00C04F79EFBC}") = "WebApiTask1", "WebApiTask1\WebApiTask1.csproj", "{6C876902-F477-48A1-8B69-CB0E5730D71F}"
EndProject
Global
	GlobalSection(SolutionConfigurationPlatforms) = preSolution
		Debug|Any CPU = Debug|Any CPU
		Release|Any CPU = Release|Any CPU
	EndGlobalSection
	GlobalSection(ProjectConfigurationPlatforms) = postSolution
		{6C876902-F477-48A1-8B69-CB0E5730D71F}.Debug|Any CPU.ActiveCfg = Debug|Any CPU
		{6C876902-F477-48A1-8B69-CB0E5730D71F}.Debug|Any CPU.Build.0 = Debug|Any CPU
		{6C876902-F477-48A1-8B69-CB0E5730D71F}.Release|Any CPU.ActiveCfg = Release|Any CPU
		{6C876902-F477-48A1-8B69-CB0E5730D71F}.Release|Any CPU.Build.0 = Release|Any CPU
	EndGlobalSection
	GlobalSection(SolutionProperties) = preSolution
		HideSolutionNode = FALSE
	EndGlobalSection
	GlobalSection(ExtensibilityGlobals) = postSolution
		SolutionGuid = {6C5F6E4B-62D4-49F6-A875-ECFE4B0A05AB}
	EndGlobalSection
EndGlobal
